// !$*UTF8*$!
{
	archiveVersion = 1;
	classes = {
	};
	objectVersion = 46;
	objects = {

/* Begin PBXBuildFile section */
		0331700914BCC64700C9B287 /* DraggableLabel.m in Sources */ = {isa = PBXBuildFile; fileRef = 0331700814BCC64700C9B287 /* DraggableLabel.m */; };
		0344847B14B1139100537F77 /* Constraint.m in Sources */ = {isa = PBXBuildFile; fileRef = 0344847A14B1139100537F77 /* Constraint.m */; };
		03993F2214CD033A00045B24 /* QueryTree.m in Sources */ = {isa = PBXBuildFile; fileRef = 03993F2114CD033A00045B24 /* QueryTree.m */; };
		03A2527214D4879900C3BAB7 /* DetailView.xib in Resources */ = {isa = PBXBuildFile; fileRef = 03A2527014D4879900C3BAB7 /* DetailView.xib */; };
		03A2527314D4879900C3BAB7 /* MainWindow.xib in Resources */ = {isa = PBXBuildFile; fileRef = 03A2527114D4879900C3BAB7 /* MainWindow.xib */; };
		03A2527A14D491EB00C3BAB7 /* DatabaseHandler.m in Sources */ = {isa = PBXBuildFile; fileRef = 03A2527914D491EB00C3BAB7 /* DatabaseHandler.m */; };
		03A2528314D493AE00C3BAB7 /* JSONKit.m in Sources */ = {isa = PBXBuildFile; fileRef = 03A2528114D493AE00C3BAB7 /* JSONKit.m */; settings = {COMPILER_FLAGS = "-fno-objc-arc"; }; };
		03A2528414D493AE00C3BAB7 /* README.md in Resources */ = {isa = PBXBuildFile; fileRef = 03A2528214D493AE00C3BAB7 /* README.md */; };
		03A252B414D4A25700C3BAB7 /* DatabaseConnection.m in Sources */ = {isa = PBXBuildFile; fileRef = 03A252B314D4A25700C3BAB7 /* DatabaseConnection.m */; };
		03A78B0614C0951E00DEE1C0 /* icon.png in Resources */ = {isa = PBXBuildFile; fileRef = 03A78B0514C0951E00DEE1C0 /* icon.png */; };
		03D2750814A3E6FA00C91945 /* EventInfo.m in Sources */ = {isa = PBXBuildFile; fileRef = 03D2750714A3E6F900C91945 /* EventInfo.m */; };
		03DE3C7F14CCF6FF0054FB1D /* QueryBuilderView.m in Sources */ = {isa = PBXBuildFile; fileRef = 03DE3C7E14CCF6FF0054FB1D /* QueryBuilderView.m */; };
		03DE3C8614CCFDCC0054FB1D /* PrimaryViewController.m in Sources */ = {isa = PBXBuildFile; fileRef = 03DE3C8314CCFDCC0054FB1D /* PrimaryViewController.m */; };
		03DE3C8714CCFDCC0054FB1D /* SecondaryViewController.m in Sources */ = {isa = PBXBuildFile; fileRef = 03DE3C8514CCFDCC0054FB1D /* SecondaryViewController.m */; };
		1D3623260D0F684500981E51 /* AppDelegate.m in Sources */ = {isa = PBXBuildFile; fileRef = 1D3623250D0F684500981E51 /* AppDelegate.m */; };
		1D60589B0D05DD56006BFB54 /* main.m in Sources */ = {isa = PBXBuildFile; fileRef = 29B97316FDCFA39411CA2CEA /* main.m */; };
		1D60589F0D05DD5A006BFB54 /* Foundation.framework in Frameworks */ = {isa = PBXBuildFile; fileRef = 1D30AB110D05D00D00671497 /* Foundation.framework */; };
		1DF5F4E00D08C38300B7A737 /* UIKit.framework in Frameworks */ = {isa = PBXBuildFile; fileRef = 1DF5F4DF0D08C38300B7A737 /* UIKit.framework */; };
		2892E4100DC94CBA00A64D0F /* CoreGraphics.framework in Frameworks */ = {isa = PBXBuildFile; fileRef = 2892E40F0DC94CBA00A64D0F /* CoreGraphics.framework */; };
		844EB5211466117D00711EC6 /* PanelZoomView.m in Sources */ = {isa = PBXBuildFile; fileRef = 844EB5201466117D00711EC6 /* PanelZoomView.m */; };
		847D130C1454818D00B1DA76 /* ContentScrollView.m in Sources */ = {isa = PBXBuildFile; fileRef = 847D130B1454818D00B1DA76 /* ContentScrollView.m */; };
		847D131614548CC000B1DA76 /* PanelDrawView.m in Sources */ = {isa = PBXBuildFile; fileRef = 847D131514548CC000B1DA76 /* PanelDrawView.m */; };
		849AA98C1450F78000F93059 /* MGSplitCornersView.m in Sources */ = {isa = PBXBuildFile; fileRef = 849AA9871450F78000F93059 /* MGSplitCornersView.m */; };
		849AA98D1450F78000F93059 /* MGSplitDividerView.m in Sources */ = {isa = PBXBuildFile; fileRef = 849AA9891450F78000F93059 /* MGSplitDividerView.m */; };
		849AA98E1450F78000F93059 /* MGSplitViewController.m in Sources */ = {isa = PBXBuildFile; fileRef = 849AA98B1450F78000F93059 /* MGSplitViewController.m */; };
		84A7E5D11466FF6B006A6022 /* Event.m in Sources */ = {isa = PBXBuildFile; fileRef = 84A7E5D01466FF6B006A6022 /* Event.m */; };
		84BA23871452088B009566D9 /* scrubber.png in Resources */ = {isa = PBXBuildFile; fileRef = 84BA23861452088A009566D9 /* scrubber.png */; };
		84E626651451FC58007DDF98 /* Query.m in Sources */ = {isa = PBXBuildFile; fileRef = 84E626641451FC58007DDF98 /* Query.m */; };
		CA191096149840E6004C8C4B /* QuartzCore.framework in Frameworks */ = {isa = PBXBuildFile; fileRef = CA191095149840E6004C8C4B /* QuartzCore.framework */; };
		CA1910C914984471004C8C4B /* BandLayer.m in Sources */ = {isa = PBXBuildFile; fileRef = CA1910C814984471004C8C4B /* BandLayer.m */; };
		CA4B926A149997AC00280E90 /* blue.png in Resources */ = {isa = PBXBuildFile; fileRef = CA4B9268149997AC00280E90 /* blue.png */; };
		CA4B926B149997AC00280E90 /* grey.png in Resources */ = {isa = PBXBuildFile; fileRef = CA4B9269149997AC00280E90 /* grey.png */; };
/* End PBXBuildFile section */

/* Begin PBXFileReference section */
		0331700714BCC64700C9B287 /* DraggableLabel.h */ = {isa = PBXFileReference; fileEncoding = 4; lastKnownFileType = sourcecode.c.h; lineEnding = 0; name = DraggableLabel.h; path = "UI Subclasses/DraggableLabel.h"; sourceTree = "<group>"; xcLanguageSpecificationIdentifier = xcode.lang.objcpp; };
		0331700814BCC64700C9B287 /* DraggableLabel.m */ = {isa = PBXFileReference; fileEncoding = 4; lastKnownFileType = sourcecode.c.objc; lineEnding = 0; name = DraggableLabel.m; path = "UI Subclasses/DraggableLabel.m"; sourceTree = "<group>"; xcLanguageSpecificationIdentifier = xcode.lang.objc; };
		0344847914B1139100537F77 /* Constraint.h */ = {isa = PBXFileReference; fileEncoding = 4; lastKnownFileType = sourcecode.c.h; lineEnding = 0; name = Constraint.h; path = Model/Constraint.h; sourceTree = "<group>"; xcLanguageSpecificationIdentifier = xcode.lang.objcpp; };
		0344847A14B1139100537F77 /* Constraint.m */ = {isa = PBXFileReference; fileEncoding = 4; lastKnownFileType = sourcecode.c.objc; lineEnding = 0; name = Constraint.m; path = Model/Constraint.m; sourceTree = "<group>"; xcLanguageSpecificationIdentifier = xcode.lang.objc; };
		03993F2014CD033A00045B24 /* QueryTree.h */ = {isa = PBXFileReference; fileEncoding = 4; lastKnownFileType = sourcecode.c.h; lineEnding = 0; name = QueryTree.h; path = Model/QueryTree.h; sourceTree = "<group>"; xcLanguageSpecificationIdentifier = xcode.lang.objcpp; };
		03993F2114CD033A00045B24 /* QueryTree.m */ = {isa = PBXFileReference; fileEncoding = 4; lastKnownFileType = sourcecode.c.objc; lineEnding = 0; name = QueryTree.m; path = Model/QueryTree.m; sourceTree = "<group>"; xcLanguageSpecificationIdentifier = xcode.lang.objc; };
		03A2527014D4879900C3BAB7 /* DetailView.xib */ = {isa = PBXFileReference; fileEncoding = 4; lastKnownFileType = file.xib; name = DetailView.xib; path = IBViews/DetailView.xib; sourceTree = "<group>"; };
		03A2527114D4879900C3BAB7 /* MainWindow.xib */ = {isa = PBXFileReference; fileEncoding = 4; lastKnownFileType = file.xib; name = MainWindow.xib; path = IBViews/MainWindow.xib; sourceTree = "<group>"; };
		03A2527814D491EB00C3BAB7 /* DatabaseHandler.h */ = {isa = PBXFileReference; fileEncoding = 4; lastKnownFileType = sourcecode.c.h; lineEnding = 0; name = DatabaseHandler.h; path = Model/DatabaseHandler.h; sourceTree = "<group>"; xcLanguageSpecificationIdentifier = xcode.lang.objcpp; };
		03A2527914D491EB00C3BAB7 /* DatabaseHandler.m */ = {isa = PBXFileReference; fileEncoding = 4; lastKnownFileType = sourcecode.c.objc; lineEnding = 0; name = DatabaseHandler.m; path = Model/DatabaseHandler.m; sourceTree = "<group>"; xcLanguageSpecificationIdentifier = xcode.lang.objc; };
		03A2528014D493AE00C3BAB7 /* JSONKit.h */ = {isa = PBXFileReference; fileEncoding = 4; lastKnownFileType = sourcecode.c.h; lineEnding = 0; name = JSONKit.h; path = JSON/JSONKit.h; sourceTree = "<group>"; xcLanguageSpecificationIdentifier = xcode.lang.objcpp; };
		03A2528114D493AE00C3BAB7 /* JSONKit.m */ = {isa = PBXFileReference; fileEncoding = 4; lastKnownFileType = sourcecode.c.objc; lineEnding = 0; name = JSONKit.m; path = JSON/JSONKit.m; sourceTree = "<group>"; xcLanguageSpecificationIdentifier = xcode.lang.objc; };
		03A2528214D493AE00C3BAB7 /* README.md */ = {isa = PBXFileReference; fileEncoding = 4; lastKnownFileType = text; lineEnding = 0; name = README.md; path = JSON/README.md; sourceTree = "<group>"; };
		03A252B214D4A25700C3BAB7 /* DatabaseConnection.h */ = {isa = PBXFileReference; fileEncoding = 4; lastKnownFileType = sourcecode.c.h; lineEnding = 0; name = DatabaseConnection.h; path = Model/DatabaseConnection.h; sourceTree = "<group>"; xcLanguageSpecificationIdentifier = xcode.lang.objcpp; };
		03A252B314D4A25700C3BAB7 /* DatabaseConnection.m */ = {isa = PBXFileReference; fileEncoding = 4; lastKnownFileType = sourcecode.c.objc; lineEnding = 0; name = DatabaseConnection.m; path = Model/DatabaseConnection.m; sourceTree = "<group>"; xcLanguageSpecificationIdentifier = xcode.lang.objc; };
		03A78B0514C0951E00DEE1C0 /* icon.png */ = {isa = PBXFileReference; lastKnownFileType = image.png; path = icon.png; sourceTree = "<group>"; };
		03D2750614A3E6F900C91945 /* EventInfo.h */ = {isa = PBXFileReference; fileEncoding = 4; lastKnownFileType = sourcecode.c.h; lineEnding = 0; name = EventInfo.h; path = ContentView/EventInfo.h; sourceTree = "<group>"; xcLanguageSpecificationIdentifier = xcode.lang.objcpp; };
		03D2750714A3E6F900C91945 /* EventInfo.m */ = {isa = PBXFileReference; fileEncoding = 4; lastKnownFileType = sourcecode.c.objc; lineEnding = 0; name = EventInfo.m; path = ContentView/EventInfo.m; sourceTree = "<group>"; xcLanguageSpecificationIdentifier = xcode.lang.objc; };
		03DE3C7D14CCF6FF0054FB1D /* QueryBuilderView.h */ = {isa = PBXFileReference; fileEncoding = 4; lastKnownFileType = sourcecode.c.h; lineEnding = 0; name = QueryBuilderView.h; path = QueryView/QueryBuilderView.h; sourceTree = "<group>"; xcLanguageSpecificationIdentifier = xcode.lang.objcpp; };
		03DE3C7E14CCF6FF0054FB1D /* QueryBuilderView.m */ = {isa = PBXFileReference; fileEncoding = 4; lastKnownFileType = sourcecode.c.objc; lineEnding = 0; name = QueryBuilderView.m; path = QueryView/QueryBuilderView.m; sourceTree = "<group>"; xcLanguageSpecificationIdentifier = xcode.lang.objc; };
		03DE3C8214CCFDCC0054FB1D /* PrimaryViewController.h */ = {isa = PBXFileReference; fileEncoding = 4; lastKnownFileType = sourcecode.c.h; lineEnding = 0; name = PrimaryViewController.h; path = ViewControllers/PrimaryViewController.h; sourceTree = "<group>"; xcLanguageSpecificationIdentifier = xcode.lang.objcpp; };
		03DE3C8314CCFDCC0054FB1D /* PrimaryViewController.m */ = {isa = PBXFileReference; fileEncoding = 4; lastKnownFileType = sourcecode.c.objc; lineEnding = 0; name = PrimaryViewController.m; path = ViewControllers/PrimaryViewController.m; sourceTree = "<group>"; xcLanguageSpecificationIdentifier = xcode.lang.objc; };
		03DE3C8414CCFDCC0054FB1D /* SecondaryViewController.h */ = {isa = PBXFileReference; fileEncoding = 4; lastKnownFileType = sourcecode.c.h; lineEnding = 0; name = SecondaryViewController.h; path = ViewControllers/SecondaryViewController.h; sourceTree = "<group>"; xcLanguageSpecificationIdentifier = xcode.lang.objcpp; };
		03DE3C8514CCFDCC0054FB1D /* SecondaryViewController.m */ = {isa = PBXFileReference; fileEncoding = 4; lastKnownFileType = sourcecode.c.objc; name = SecondaryViewController.m; path = ViewControllers/SecondaryViewController.m; sourceTree = "<group>"; };
		1D30AB110D05D00D00671497 /* Foundation.framework */ = {isa = PBXFileReference; lastKnownFileType = wrapper.framework; name = Foundation.framework; path = System/Library/Frameworks/Foundation.framework; sourceTree = SDKROOT; };
		1D3623240D0F684500981E51 /* AppDelegate.h */ = {isa = PBXFileReference; fileEncoding = 4; lastKnownFileType = sourcecode.c.h; lineEnding = 0; path = AppDelegate.h; sourceTree = "<group>"; xcLanguageSpecificationIdentifier = xcode.lang.objcpp; };
		1D3623250D0F684500981E51 /* AppDelegate.m */ = {isa = PBXFileReference; fileEncoding = 4; lastKnownFileType = sourcecode.c.objc; lineEnding = 0; path = AppDelegate.m; sourceTree = "<group>"; xcLanguageSpecificationIdentifier = xcode.lang.objc; };
		1D6058910D05DD3D006BFB54 /* Event Viewer.app */ = {isa = PBXFileReference; explicitFileType = wrapper.application; includeInIndex = 0; path = "Event Viewer.app"; sourceTree = BUILT_PRODUCTS_DIR; };
		1DF5F4DF0D08C38300B7A737 /* UIKit.framework */ = {isa = PBXFileReference; lastKnownFileType = wrapper.framework; name = UIKit.framework; path = System/Library/Frameworks/UIKit.framework; sourceTree = SDKROOT; };
		2892E40F0DC94CBA00A64D0F /* CoreGraphics.framework */ = {isa = PBXFileReference; lastKnownFileType = wrapper.framework; name = CoreGraphics.framework; path = System/Library/Frameworks/CoreGraphics.framework; sourceTree = SDKROOT; };
		28A0AAE50D9B0CCF005BE974 /* Event Viewer_Prefix.pch */ = {isa = PBXFileReference; fileEncoding = 4; lastKnownFileType = sourcecode.c.h; path = "Event Viewer_Prefix.pch"; sourceTree = "<group>"; };
		29B97316FDCFA39411CA2CEA /* main.m */ = {isa = PBXFileReference; fileEncoding = 4; lastKnownFileType = sourcecode.c.objc; lineEnding = 0; path = main.m; sourceTree = "<group>"; xcLanguageSpecificationIdentifier = xcode.lang.objc; };
		844EB51F1466117D00711EC6 /* PanelZoomView.h */ = {isa = PBXFileReference; fileEncoding = 4; lastKnownFileType = sourcecode.c.h; lineEnding = 0; name = PanelZoomView.h; path = ContentView/PanelZoomView.h; sourceTree = "<group>"; xcLanguageSpecificationIdentifier = xcode.lang.objcpp; };
		844EB5201466117D00711EC6 /* PanelZoomView.m */ = {isa = PBXFileReference; fileEncoding = 4; lastKnownFileType = sourcecode.c.objc; lineEnding = 0; name = PanelZoomView.m; path = ContentView/PanelZoomView.m; sourceTree = "<group>"; xcLanguageSpecificationIdentifier = xcode.lang.objc; };
		847D130A1454818D00B1DA76 /* ContentScrollView.h */ = {isa = PBXFileReference; fileEncoding = 4; lastKnownFileType = sourcecode.c.h; lineEnding = 0; name = ContentScrollView.h; path = ContentView/ContentScrollView.h; sourceTree = "<group>"; xcLanguageSpecificationIdentifier = xcode.lang.objcpp; };
		847D130B1454818D00B1DA76 /* ContentScrollView.m */ = {isa = PBXFileReference; fileEncoding = 4; lastKnownFileType = sourcecode.c.objc; lineEnding = 0; name = ContentScrollView.m; path = ContentView/ContentScrollView.m; sourceTree = "<group>"; xcLanguageSpecificationIdentifier = xcode.lang.objc; };
		847D131414548CC000B1DA76 /* PanelDrawView.h */ = {isa = PBXFileReference; fileEncoding = 4; lastKnownFileType = sourcecode.c.h; lineEnding = 0; name = PanelDrawView.h; path = ContentView/PanelDrawView.h; sourceTree = "<group>"; xcLanguageSpecificationIdentifier = xcode.lang.objcpp; };
		847D131514548CC000B1DA76 /* PanelDrawView.m */ = {isa = PBXFileReference; fileEncoding = 4; lastKnownFileType = sourcecode.c.objc; lineEnding = 0; name = PanelDrawView.m; path = ContentView/PanelDrawView.m; sourceTree = "<group>"; xcLanguageSpecificationIdentifier = xcode.lang.objc; };
		849AA9861450F78000F93059 /* MGSplitCornersView.h */ = {isa = PBXFileReference; fileEncoding = 4; lastKnownFileType = sourcecode.c.h; lineEnding = 0; name = MGSplitCornersView.h; path = MGSplitView/MGSplitCornersView.h; sourceTree = "<group>"; xcLanguageSpecificationIdentifier = xcode.lang.objcpp; };
		849AA9871450F78000F93059 /* MGSplitCornersView.m */ = {isa = PBXFileReference; fileEncoding = 4; lastKnownFileType = sourcecode.c.objc; lineEnding = 0; name = MGSplitCornersView.m; path = MGSplitView/MGSplitCornersView.m; sourceTree = "<group>"; xcLanguageSpecificationIdentifier = xcode.lang.objc; };
		849AA9881450F78000F93059 /* MGSplitDividerView.h */ = {isa = PBXFileReference; fileEncoding = 4; lastKnownFileType = sourcecode.c.h; lineEnding = 0; name = MGSplitDividerView.h; path = MGSplitView/MGSplitDividerView.h; sourceTree = "<group>"; xcLanguageSpecificationIdentifier = xcode.lang.objcpp; };
		849AA9891450F78000F93059 /* MGSplitDividerView.m */ = {isa = PBXFileReference; fileEncoding = 4; lastKnownFileType = sourcecode.c.objc; lineEnding = 0; name = MGSplitDividerView.m; path = MGSplitView/MGSplitDividerView.m; sourceTree = "<group>"; xcLanguageSpecificationIdentifier = xcode.lang.objc; };
		849AA98A1450F78000F93059 /* MGSplitViewController.h */ = {isa = PBXFileReference; fileEncoding = 4; lastKnownFileType = sourcecode.c.h; lineEnding = 0; name = MGSplitViewController.h; path = MGSplitView/MGSplitViewController.h; sourceTree = "<group>"; xcLanguageSpecificationIdentifier = xcode.lang.objcpp; };
		849AA98B1450F78000F93059 /* MGSplitViewController.m */ = {isa = PBXFileReference; fileEncoding = 4; lastKnownFileType = sourcecode.c.objc; lineEnding = 0; name = MGSplitViewController.m; path = MGSplitView/MGSplitViewController.m; sourceTree = "<group>"; xcLanguageSpecificationIdentifier = xcode.lang.objc; };
		84A7E5CF1466FF6B006A6022 /* Event.h */ = {isa = PBXFileReference; fileEncoding = 4; lastKnownFileType = sourcecode.c.h; lineEnding = 0; name = Event.h; path = Model/Event.h; sourceTree = "<group>"; xcLanguageSpecificationIdentifier = xcode.lang.objcpp; };
		84A7E5D01466FF6B006A6022 /* Event.m */ = {isa = PBXFileReference; fileEncoding = 4; lastKnownFileType = sourcecode.c.objc; name = Event.m; path = Model/Event.m; sourceTree = "<group>"; };
		84BA23861452088A009566D9 /* scrubber.png */ = {isa = PBXFileReference; lastKnownFileType = image.png; name = scrubber.png; path = Images/scrubber.png; sourceTree = "<group>"; };
		84E626631451FC58007DDF98 /* Query.h */ = {isa = PBXFileReference; fileEncoding = 4; lastKnownFileType = sourcecode.c.h; lineEnding = 0; name = Query.h; path = Model/Query.h; sourceTree = "<group>"; xcLanguageSpecificationIdentifier = xcode.lang.objcpp; };
		84E626641451FC58007DDF98 /* Query.m */ = {isa = PBXFileReference; fileEncoding = 4; lastKnownFileType = sourcecode.c.objc; lineEnding = 0; name = Query.m; path = Model/Query.m; sourceTree = "<group>"; xcLanguageSpecificationIdentifier = xcode.lang.objc; };
		8D1107310486CEB800E47090 /* Event Viewer-Info.plist */ = {isa = PBXFileReference; fileEncoding = 4; lastKnownFileType = text.plist.xml; path = "Event Viewer-Info.plist"; plistStructureDefinitionIdentifier = "com.apple.xcode.plist.structure-definition.iphone.info-plist"; sourceTree = "<group>"; };
		C9CDF7A211FDA7890016C1C5 /* README.markdown */ = {isa = PBXFileReference; fileEncoding = 4; lastKnownFileType = text; lineEnding = 0; name = README.markdown; path = ../README.markdown; sourceTree = "<group>"; };
		CA191095149840E6004C8C4B /* QuartzCore.framework */ = {isa = PBXFileReference; lastKnownFileType = wrapper.framework; name = QuartzCore.framework; path = System/Library/Frameworks/QuartzCore.framework; sourceTree = SDKROOT; };
		CA1910C714984471004C8C4B /* BandLayer.h */ = {isa = PBXFileReference; fileEncoding = 4; lastKnownFileType = sourcecode.c.h; lineEnding = 0; name = BandLayer.h; path = ContentView/BandLayer.h; sourceTree = "<group>"; xcLanguageSpecificationIdentifier = xcode.lang.objcpp; };
		CA1910C814984471004C8C4B /* BandLayer.m */ = {isa = PBXFileReference; fileEncoding = 4; lastKnownFileType = sourcecode.c.objc; lineEnding = 0; name = BandLayer.m; path = ContentView/BandLayer.m; sourceTree = "<group>"; xcLanguageSpecificationIdentifier = xcode.lang.objc; };
		CA4B9268149997AC00280E90 /* blue.png */ = {isa = PBXFileReference; lastKnownFileType = image.png; name = blue.png; path = Images/blue.png; sourceTree = "<group>"; };
		CA4B9269149997AC00280E90 /* grey.png */ = {isa = PBXFileReference; lastKnownFileType = image.png; name = grey.png; path = Images/grey.png; sourceTree = "<group>"; };
/* End PBXFileReference section */

/* Begin PBXFrameworksBuildPhase section */
		1D60588F0D05DD3D006BFB54 /* Frameworks */ = {
			isa = PBXFrameworksBuildPhase;
			buildActionMask = 2147483647;
			files = (
				CA191096149840E6004C8C4B /* QuartzCore.framework in Frameworks */,
				1D60589F0D05DD5A006BFB54 /* Foundation.framework in Frameworks */,
				1DF5F4E00D08C38300B7A737 /* UIKit.framework in Frameworks */,
				2892E4100DC94CBA00A64D0F /* CoreGraphics.framework in Frameworks */,
			);
			runOnlyForDeploymentPostprocessing = 0;
		};
/* End PBXFrameworksBuildPhase section */

/* Begin PBXGroup section */
		0331700514BCB93900C9B287 /* UI Subclasses */ = {
			isa = PBXGroup;
			children = (
				0331700714BCC64700C9B287 /* DraggableLabel.h */,
				0331700814BCC64700C9B287 /* DraggableLabel.m */,
			);
			name = "UI Subclasses";
			sourceTree = "<group>";
		};
		033EC73214B5F26000E2D45A /* AppDelegation */ = {
			isa = PBXGroup;
			children = (
				1D3623240D0F684500981E51 /* AppDelegate.h */,
				1D3623250D0F684500981E51 /* AppDelegate.m */,
			);
			name = AppDelegation;
			sourceTree = "<group>";
		};
		03A2526F14D4877E00C3BAB7 /* IBViews */ = {
			isa = PBXGroup;
			children = (
				03A2527014D4879900C3BAB7 /* DetailView.xib */,
				03A2527114D4879900C3BAB7 /* MainWindow.xib */,
			);
			name = IBViews;
			sourceTree = "<group>";
		};
		03A2527F14D4939100C3BAB7 /* JSON */ = {
			isa = PBXGroup;
			children = (
				03A2528014D493AE00C3BAB7 /* JSONKit.h */,
				03A2528114D493AE00C3BAB7 /* JSONKit.m */,
				03A2528214D493AE00C3BAB7 /* README.md */,
			);
			name = JSON;
			sourceTree = "<group>";
		};
		03DE3C8114CCFD480054FB1D /* ViewControllers */ = {
			isa = PBXGroup;
			children = (
				03DE3C8214CCFDCC0054FB1D /* PrimaryViewController.h */,
				03DE3C8314CCFDCC0054FB1D /* PrimaryViewController.m */,
				03DE3C8414CCFDCC0054FB1D /* SecondaryViewController.h */,
				03DE3C8514CCFDCC0054FB1D /* SecondaryViewController.m */,
			);
			name = ViewControllers;
			sourceTree = "<group>";
		};
		080E96DDFE201D6D7F000001 /* Classes */ = {
			isa = PBXGroup;
			children = (
				033EC73214B5F26000E2D45A /* AppDelegation */,
				03DE3C8114CCFD480054FB1D /* ViewControllers */,
				84DD27AD1450F7C000E15113 /* QueryView */,
				84DD27AF1450F7CA00E15113 /* ContentView */,
				0331700514BCB93900C9B287 /* UI Subclasses */,
				84E626611451FC26007DDF98 /* Model */,
				C9CDF79E11FDA7140016C1C5 /* MGSplitViewController */,
			);
			path = Classes;
			sourceTree = "<group>";
		};
		19C28FACFE9D520D11CA2CBB /* Products */ = {
			isa = PBXGroup;
			children = (
				1D6058910D05DD3D006BFB54 /* Event Viewer.app */,
			);
			name = Products;
			sourceTree = "<group>";
		};
		29B97314FDCFA39411CA2CEA /* CustomTemplate */ = {
			isa = PBXGroup;
			children = (
				080E96DDFE201D6D7F000001 /* Classes */,
				03A2527F14D4939100C3BAB7 /* JSON */,
				03A2526F14D4877E00C3BAB7 /* IBViews */,
				29B97315FDCFA39411CA2CEA /* Other Sources */,
				29B97317FDCFA39411CA2CEA /* Resources */,
				29B97323FDCFA39411CA2CEA /* Frameworks */,
				19C28FACFE9D520D11CA2CBB /* Products */,
			);
			name = CustomTemplate;
			sourceTree = "<group>";
		};
		29B97315FDCFA39411CA2CEA /* Other Sources */ = {
			isa = PBXGroup;
			children = (
				28A0AAE50D9B0CCF005BE974 /* Event Viewer_Prefix.pch */,
				29B97316FDCFA39411CA2CEA /* main.m */,
			);
			name = "Other Sources";
			sourceTree = "<group>";
		};
		29B97317FDCFA39411CA2CEA /* Resources */ = {
			isa = PBXGroup;
			children = (
				03A78B0514C0951E00DEE1C0 /* icon.png */,
				84BA23811452071E009566D9 /* Images */,
				8D1107310486CEB800E47090 /* Event Viewer-Info.plist */,
			);
			name = Resources;
			sourceTree = "<group>";
		};
		29B97323FDCFA39411CA2CEA /* Frameworks */ = {
			isa = PBXGroup;
			children = (
				1DF5F4DF0D08C38300B7A737 /* UIKit.framework */,
				1D30AB110D05D00D00671497 /* Foundation.framework */,
				CA191095149840E6004C8C4B /* QuartzCore.framework */,
				2892E40F0DC94CBA00A64D0F /* CoreGraphics.framework */,
			);
			name = Frameworks;
			sourceTree = "<group>";
		};
		84BA23811452071E009566D9 /* Images */ = {
			isa = PBXGroup;
			children = (
				CA4B9268149997AC00280E90 /* blue.png */,
				CA4B9269149997AC00280E90 /* grey.png */,
				84BA23861452088A009566D9 /* scrubber.png */,
			);
			name = Images;
			sourceTree = "<group>";
		};
		84DD27AD1450F7C000E15113 /* QueryView */ = {
			isa = PBXGroup;
			children = (
				03DE3C7D14CCF6FF0054FB1D /* QueryBuilderView.h */,
				03DE3C7E14CCF6FF0054FB1D /* QueryBuilderView.m */,
			);
			name = QueryView;
			sourceTree = "<group>";
		};
		84DD27AF1450F7CA00E15113 /* ContentView */ = {
			isa = PBXGroup;
			children = (
				847D130A1454818D00B1DA76 /* ContentScrollView.h */,
				847D130B1454818D00B1DA76 /* ContentScrollView.m */,
				844EB51F1466117D00711EC6 /* PanelZoomView.h */,
				844EB5201466117D00711EC6 /* PanelZoomView.m */,
				847D131414548CC000B1DA76 /* PanelDrawView.h */,
				847D131514548CC000B1DA76 /* PanelDrawView.m */,
				CA1910C714984471004C8C4B /* BandLayer.h */,
				CA1910C814984471004C8C4B /* BandLayer.m */,
				03D2750614A3E6F900C91945 /* EventInfo.h */,
				03D2750714A3E6F900C91945 /* EventInfo.m */,
			);
			name = ContentView;
			sourceTree = "<group>";
		};
		84E626611451FC26007DDF98 /* Model */ = {
			isa = PBXGroup;
			children = (
				03A2527814D491EB00C3BAB7 /* DatabaseHandler.h */,
				03A2527914D491EB00C3BAB7 /* DatabaseHandler.m */,
				03A252B214D4A25700C3BAB7 /* DatabaseConnection.h */,
				03A252B314D4A25700C3BAB7 /* DatabaseConnection.m */,
				03993F2014CD033A00045B24 /* QueryTree.h */,
				03993F2114CD033A00045B24 /* QueryTree.m */,
				0344847914B1139100537F77 /* Constraint.h */,
				0344847A14B1139100537F77 /* Constraint.m */,
				84E626631451FC58007DDF98 /* Query.h */,
				84E626641451FC58007DDF98 /* Query.m */,
				84A7E5CF1466FF6B006A6022 /* Event.h */,
				84A7E5D01466FF6B006A6022 /* Event.m */,
			);
			name = Model;
			sourceTree = "<group>";
		};
		C9CDF79E11FDA7140016C1C5 /* MGSplitViewController */ = {
			isa = PBXGroup;
			children = (
				849AA9861450F78000F93059 /* MGSplitCornersView.h */,
				849AA9871450F78000F93059 /* MGSplitCornersView.m */,
				849AA9881450F78000F93059 /* MGSplitDividerView.h */,
				849AA9891450F78000F93059 /* MGSplitDividerView.m */,
				849AA98A1450F78000F93059 /* MGSplitViewController.h */,
				849AA98B1450F78000F93059 /* MGSplitViewController.m */,
				C9CDF7A211FDA7890016C1C5 /* README.markdown */,
			);
			name = MGSplitViewController;
			sourceTree = "<group>";
		};
/* End PBXGroup section */

/* Begin PBXNativeTarget section */
		1D6058900D05DD3D006BFB54 /* Event Viewer */ = {
			isa = PBXNativeTarget;
			buildConfigurationList = 1D6058960D05DD3E006BFB54 /* Build configuration list for PBXNativeTarget "Event Viewer" */;
			buildPhases = (
				1D60588D0D05DD3D006BFB54 /* Resources */,
				1D60588E0D05DD3D006BFB54 /* Sources */,
				1D60588F0D05DD3D006BFB54 /* Frameworks */,
			);
			buildRules = (
			);
			dependencies = (
			);
			name = "Event Viewer";
			productName = MGSplitView;
			productReference = 1D6058910D05DD3D006BFB54 /* Event Viewer.app */;
			productType = "com.apple.product-type.application";
		};
/* End PBXNativeTarget section */

/* Begin PBXProject section */
		29B97313FDCFA39411CA2CEA /* Project object */ = {
			isa = PBXProject;
			attributes = {
				LastUpgradeCheck = 0420;
			};
			buildConfigurationList = C01FCF4E08A954540054247B /* Build configuration list for PBXProject "Event Viewer" */;
			compatibilityVersion = "Xcode 3.2";
			developmentRegion = English;
			hasScannedForEncodings = 1;
			knownRegions = (
				English,
				Japanese,
				French,
				German,
				en,
			);
			mainGroup = 29B97314FDCFA39411CA2CEA /* CustomTemplate */;
			projectDirPath = "";
			projectRoot = "";
			targets = (
				1D6058900D05DD3D006BFB54 /* Event Viewer */,
			);
		};
/* End PBXProject section */

/* Begin PBXResourcesBuildPhase section */
		1D60588D0D05DD3D006BFB54 /* Resources */ = {
			isa = PBXResourcesBuildPhase;
			buildActionMask = 2147483647;
			files = (
				84BA23871452088B009566D9 /* scrubber.png in Resources */,
				CA4B926A149997AC00280E90 /* blue.png in Resources */,
				CA4B926B149997AC00280E90 /* grey.png in Resources */,
				03A78B0614C0951E00DEE1C0 /* icon.png in Resources */,
				03A2527214D4879900C3BAB7 /* DetailView.xib in Resources */,
				03A2527314D4879900C3BAB7 /* MainWindow.xib in Resources */,
				03A2528414D493AE00C3BAB7 /* README.md in Resources */,
			);
			runOnlyForDeploymentPostprocessing = 0;
		};
/* End PBXResourcesBuildPhase section */

/* Begin PBXSourcesBuildPhase section */
		1D60588E0D05DD3D006BFB54 /* Sources */ = {
			isa = PBXSourcesBuildPhase;
			buildActionMask = 2147483647;
			files = (
				1D60589B0D05DD56006BFB54 /* main.m in Sources */,
				1D3623260D0F684500981E51 /* AppDelegate.m in Sources */,
				849AA98C1450F78000F93059 /* MGSplitCornersView.m in Sources */,
				849AA98D1450F78000F93059 /* MGSplitDividerView.m in Sources */,
				849AA98E1450F78000F93059 /* MGSplitViewController.m in Sources */,
				84E626651451FC58007DDF98 /* Query.m in Sources */,
				847D130C1454818D00B1DA76 /* ContentScrollView.m in Sources */,
				847D131614548CC000B1DA76 /* PanelDrawView.m in Sources */,
				844EB5211466117D00711EC6 /* PanelZoomView.m in Sources */,
				84A7E5D11466FF6B006A6022 /* Event.m in Sources */,
				CA1910C914984471004C8C4B /* BandLayer.m in Sources */,
				03D2750814A3E6FA00C91945 /* EventInfo.m in Sources */,
				0344847B14B1139100537F77 /* Constraint.m in Sources */,
				0331700914BCC64700C9B287 /* DraggableLabel.m in Sources */,
				03DE3C7F14CCF6FF0054FB1D /* QueryBuilderView.m in Sources */,
				03DE3C8614CCFDCC0054FB1D /* PrimaryViewController.m in Sources */,
				03DE3C8714CCFDCC0054FB1D /* SecondaryViewController.m in Sources */,
				03993F2214CD033A00045B24 /* QueryTree.m in Sources */,
				03A2527A14D491EB00C3BAB7 /* DatabaseHandler.m in Sources */,
				03A2528314D493AE00C3BAB7 /* JSONKit.m in Sources */,
				03A252B414D4A25700C3BAB7 /* DatabaseConnection.m in Sources */,
			);
			runOnlyForDeploymentPostprocessing = 0;
		};
/* End PBXSourcesBuildPhase section */

/* Begin XCBuildConfiguration section */
		03A78B0814C096BB00DEE1C0 /* Ad Hoc */ = {
			isa = XCBuildConfiguration;
			buildSettings = {
				ARCHS = "$(ARCHS_UNIVERSAL_IPHONE_OS)";
				CLANG_ENABLE_OBJC_ARC = YES;
				CLANG_WARN_SUSPICIOUS_IMPLICIT_CONVERSION = NO;
				"CODE_SIGN_IDENTITY[sdk=iphoneos*]" = "iPhone Developer: Joshua Komusin (X8YJ6R8G5H)";
				GCC_C_LANGUAGE_STANDARD = c99;
				GCC_ENABLE_OBJC_GC = unsupported;
				GCC_TREAT_WARNINGS_AS_ERRORS = YES;
				GCC_WARN_64_TO_32_BIT_CONVERSION = YES;
				GCC_WARN_ABOUT_MISSING_FIELD_INITIALIZERS = YES;
				GCC_WARN_ABOUT_MISSING_NEWLINE = YES;
				GCC_WARN_ABOUT_RETURN_TYPE = YES;
				GCC_WARN_INITIALIZER_NOT_FULLY_BRACKETED = YES;
				GCC_WARN_SHADOW = YES;
				GCC_WARN_SIGN_COMPARE = NO;
				GCC_WARN_UNDECLARED_SELECTOR = YES;
				GCC_WARN_UNUSED_FUNCTION = YES;
				GCC_WARN_UNUSED_LABEL = YES;
				GCC_WARN_UNUSED_PARAMETER = NO;
				GCC_WARN_UNUSED_VARIABLE = YES;
				IPHONEOS_DEPLOYMENT_TARGET = 5.0;
				OTHER_CFLAGS = "-DNS_BLOCK_ASSERTIONS=1";
				"PROVISIONING_PROFILE[sdk=iphoneos*]" = "5304C60B-A119-4BA9-A6CC-5665431A1ED3";
				RUN_CLANG_STATIC_ANALYZER = NO;
				SDKROOT = iphoneos;
				TARGETED_DEVICE_FAMILY = 2;
			};
			name = "Ad Hoc";
		};
		03A78B0914C096BB00DEE1C0 /* Ad Hoc */ = {
			isa = XCBuildConfiguration;
			buildSettings = {
				ALWAYS_SEARCH_USER_PATHS = NO;
				CLANG_ENABLE_OBJC_ARC = YES;
				COPY_PHASE_STRIP = YES;
				GCC_PRECOMPILE_PREFIX_HEADER = YES;
				GCC_PREFIX_HEADER = "Event Viewer_Prefix.pch";
				GCC_VERSION = com.apple.compilers.llvm.clang.1_0;
				GCC_WARN_UNUSED_VARIABLE = YES;
				INFOPLIST_FILE = "Event Viewer-Info.plist";
				PRODUCT_NAME = "Event Viewer";
				RUN_CLANG_STATIC_ANALYZER = YES;
				VALIDATE_PRODUCT = YES;
			};
			name = "Ad Hoc";
		};
		1D6058940D05DD3E006BFB54 /* Debug */ = {
			isa = XCBuildConfiguration;
			buildSettings = {
				ALWAYS_SEARCH_USER_PATHS = NO;
				CLANG_ENABLE_OBJC_ARC = YES;
				COPY_PHASE_STRIP = NO;
				GCC_DYNAMIC_NO_PIC = NO;
				GCC_OPTIMIZATION_LEVEL = 0;
				GCC_PRECOMPILE_PREFIX_HEADER = YES;
				GCC_PREFIX_HEADER = "Event Viewer_Prefix.pch";
				GCC_VERSION = com.apple.compilers.llvm.clang.1_0;
				GCC_WARN_UNUSED_VARIABLE = YES;
				INFOPLIST_FILE = "Event Viewer-Info.plist";
				PRODUCT_NAME = "Event Viewer";
				RUN_CLANG_STATIC_ANALYZER = YES;
			};
			name = Debug;
		};
		1D6058950D05DD3E006BFB54 /* Release */ = {
			isa = XCBuildConfiguration;
			buildSettings = {
				ALWAYS_SEARCH_USER_PATHS = NO;
				CLANG_ENABLE_OBJC_ARC = YES;
				COPY_PHASE_STRIP = YES;
				GCC_PRECOMPILE_PREFIX_HEADER = YES;
				GCC_PREFIX_HEADER = "Event Viewer_Prefix.pch";
				GCC_VERSION = com.apple.compilers.llvm.clang.1_0;
				GCC_WARN_UNUSED_VARIABLE = YES;
				INFOPLIST_FILE = "Event Viewer-Info.plist";
				PRODUCT_NAME = "Event Viewer";
				RUN_CLANG_STATIC_ANALYZER = YES;
				VALIDATE_PRODUCT = YES;
			};
			name = Release;
		};
		C01FCF4F08A954540054247B /* Debug */ = {
			isa = XCBuildConfiguration;
			buildSettings = {
				ARCHS = "$(ARCHS_UNIVERSAL_IPHONE_OS)";
				CLANG_ENABLE_OBJC_ARC = YES;
				CLANG_WARN_SUSPICIOUS_IMPLICIT_CONVERSION = NO;
				"CODE_SIGN_IDENTITY[sdk=iphoneos*]" = "iPhone Developer: Joshua Komusin (X8YJ6R8G5H)";
				GCC_C_LANGUAGE_STANDARD = c99;
				GCC_ENABLE_OBJC_GC = unsupported;
				GCC_TREAT_WARNINGS_AS_ERRORS = YES;
				GCC_WARN_64_TO_32_BIT_CONVERSION = YES;
				GCC_WARN_ABOUT_MISSING_FIELD_INITIALIZERS = YES;
				GCC_WARN_ABOUT_MISSING_NEWLINE = YES;
				GCC_WARN_ABOUT_RETURN_TYPE = YES;
				GCC_WARN_INITIALIZER_NOT_FULLY_BRACKETED = YES;
				GCC_WARN_SHADOW = YES;
				GCC_WARN_SIGN_COMPARE = NO;
				GCC_WARN_UNDECLARED_SELECTOR = YES;
				GCC_WARN_UNUSED_FUNCTION = YES;
				GCC_WARN_UNUSED_LABEL = YES;
				GCC_WARN_UNUSED_PARAMETER = NO;
				GCC_WARN_UNUSED_VARIABLE = YES;
				IPHONEOS_DEPLOYMENT_TARGET = 5.0;
				"PROVISIONING_PROFILE[sdk=iphoneos*]" = "5304C60B-A119-4BA9-A6CC-5665431A1ED3";
				RUN_CLANG_STATIC_ANALYZER = NO;
				SDKROOT = iphoneos;
				TARGETED_DEVICE_FAMILY = 2;
			};
			name = Debug;
		};
		C01FCF5008A954540054247B /* Release */ = {
			isa = XCBuildConfiguration;
			buildSettings = {
				ARCHS = "$(ARCHS_UNIVERSAL_IPHONE_OS)";
				CLANG_ENABLE_OBJC_ARC = YES;
				CLANG_WARN_SUSPICIOUS_IMPLICIT_CONVERSION = NO;
				"CODE_SIGN_IDENTITY[sdk=iphoneos*]" = "iPhone Developer: Joshua Komusin (X8YJ6R8G5H)";
				GCC_C_LANGUAGE_STANDARD = c99;
				GCC_ENABLE_OBJC_GC = unsupported;
				GCC_TREAT_WARNINGS_AS_ERRORS = YES;
				GCC_WARN_64_TO_32_BIT_CONVERSION = YES;
				GCC_WARN_ABOUT_MISSING_FIELD_INITIALIZERS = YES;
				GCC_WARN_ABOUT_MISSING_NEWLINE = YES;
				GCC_WARN_ABOUT_RETURN_TYPE = YES;
				GCC_WARN_INITIALIZER_NOT_FULLY_BRACKETED = YES;
				GCC_WARN_SHADOW = YES;
				GCC_WARN_SIGN_COMPARE = NO;
				GCC_WARN_UNDECLARED_SELECTOR = YES;
				GCC_WARN_UNUSED_FUNCTION = YES;
				GCC_WARN_UNUSED_LABEL = YES;
				GCC_WARN_UNUSED_PARAMETER = NO;
				GCC_WARN_UNUSED_VARIABLE = YES;
				IPHONEOS_DEPLOYMENT_TARGET = 5.0;
				OTHER_CFLAGS = "-DNS_BLOCK_ASSERTIONS=1";
				"PROVISIONING_PROFILE[sdk=iphoneos*]" = "5304C60B-A119-4BA9-A6CC-5665431A1ED3";
				RUN_CLANG_STATIC_ANALYZER = NO;
				SDKROOT = iphoneos;
				TARGETED_DEVICE_FAMILY = 2;
			};
			name = Release;
		};
/* End XCBuildConfiguration section */

/* Begin XCConfigurationList section */
		1D6058960D05DD3E006BFB54 /* Build configuration list for PBXNativeTarget "Event Viewer" */ = {
			isa = XCConfigurationList;
			buildConfigurations = (
				1D6058940D05DD3E006BFB54 /* Debug */,
				1D6058950D05DD3E006BFB54 /* Release */,
				03A78B0914C096BB00DEE1C0 /* Ad Hoc */,
			);
			defaultConfigurationIsVisible = 0;
			defaultConfigurationName = Release;
		};
		C01FCF4E08A954540054247B /* Build configuration list for PBXProject "Event Viewer" */ = {
			isa = XCConfigurationList;
			buildConfigurations = (
				C01FCF4F08A954540054247B /* Debug */,
				C01FCF5008A954540054247B /* Release */,
				03A78B0814C096BB00DEE1C0 /* Ad Hoc */,
			);
			defaultConfigurationIsVisible = 0;
			defaultConfigurationName = Release;
		};
/* End XCConfigurationList section */
	};
	rootObject = 29B97313FDCFA39411CA2CEA /* Project object */;
}
